{
  "version": 4,
  "terraform_version": "1.1.5",
  "serial": 68,
  "lineage": "0bbf9bea-3bed-f34b-4fcf-cd7dc71aed74",
  "outputs": {},
  "resources": [
    {
      "module": "module.cluster",
      "mode": "data",
      "type": "aws_iam_policy_document",
      "name": "eks_cluster_role",
      "provider": "provider[\"registry.terraform.io/hashicorp/aws\"]",
      "instances": [
        {
          "schema_version": 0,
          "attributes": {
            "id": "878329566",
            "json": "{\n  \"Version\": \"2012-10-17\",\n  \"Statement\": [\n    {\n      \"Sid\": \"\",\n      \"Effect\": \"Allow\",\n      \"Action\": \"sts:AssumeRole\",\n      \"Principal\": {\n        \"Service\": [\n          \"eks.amazonaws.com\",\n          \"eks-fargate-pods.amazonaws.com\"\n        ]\n      }\n    }\n  ]\n}",
            "override_json": null,
            "override_policy_documents": null,
            "policy_id": null,
            "source_json": null,
            "source_policy_documents": null,
            "statement": [
              {
                "actions": [
                  "sts:AssumeRole"
                ],
                "condition": [],
                "effect": "Allow",
                "not_actions": [],
                "not_principals": [],
                "not_resources": [],
                "principals": [
                  {
                    "identifiers": [
                      "eks-fargate-pods.amazonaws.com",
                      "eks.amazonaws.com"
                    ],
                    "type": "Service"
                  }
                ],
                "resources": [],
                "sid": ""
              }
            ],
            "version": "2012-10-17"
          },
          "sensitive_attributes": []
        }
      ]
    },
    {
      "module": "module.cluster",
      "mode": "managed",
      "type": "aws_eks_cluster",
      "name": "eks_cluster",
      "provider": "provider[\"registry.terraform.io/hashicorp/aws\"]",
      "instances": [
        {
          "schema_version": 0,
          "attributes": {
            "arn": "arn:aws:eks:us-east-1:513119805936:cluster/k8s-demo",
            "certificate_authority": [
              {
                "data": "LS0tLS1CRUdJTiBDRVJUSUZJQ0FURS0tLS0tCk1JSUM1ekNDQWMrZ0F3SUJBZ0lCQURBTkJna3Foa2lHOXcwQkFRc0ZBREFWTVJNd0VRWURWUVFERXdwcmRXSmwKY201bGRHVnpNQjRYRFRJeU1ESXlOREU1TXpZMU1Wb1hEVE15TURJeU1qRTVNelkxTVZvd0ZURVRNQkVHQTFVRQpBeE1LYTNWaVpYSnVaWFJsY3pDQ0FTSXdEUVlKS29aSWh2Y05BUUVCQlFBRGdnRVBBRENDQVFvQ2dnRUJBTmdSCmxlR1IwRmtJMTNsNHdJVGw3OVRTZmgybGljSDBFbUpFdzFxQkMwNFBISEg5REt6R3V0a0FLQ2NlTUFQbGlQb2IKRnAwRHFpTUZGcmd0WW85bUtCT2FqbEt6eVlwMGJpZEJ5Z2NlQlhKVnU4NlJ0aVJ6WjdwdWVuQzFTMS9jUmxKUAp6dDlaMUZwWUkwQU1SaHJWZjU0bytGZEpqMXQyc2FzTVhNSGhmLzhjYTMwUkdReGdpN2pWWnBtQzRXS1BVM2hECmR6UjJ1bk1lUm5MT3VyVVRkeDZ0Y3Z2cnhyZWMxaVhQRlFkOXdZaXBuYmFXZ0ZsZXF0TnF4aXNSZVNNc09GZlkKSlgreHhFdVUyaFg4UnlCRlVjR2VDQnRVZ2xjYlpYQW9VOFg2R042REZuRW1NOUl5VlBzNUdEeE5KSG0zeEVRRApZb25HcjZTa3V3ZzFuMGo3L0JNQ0F3RUFBYU5DTUVBd0RnWURWUjBQQVFIL0JBUURBZ0trTUE4R0ExVWRFd0VCCi93UUZNQU1CQWY4d0hRWURWUjBPQkJZRUZDY003OTNONEhhRUtTWERDUVJlWVJieXdxdDFNQTBHQ1NxR1NJYjMKRFFFQkN3VUFBNElCQVFDNDA3ZWhZU2t3aTVuT3h5OGEwSlZrUVFYSkQ3OWVHTnBTclNTUzFmdDdWRW1Lb3JSSwpETndhNGFxcjZqS1dwbmh4NnB3bDhISEQ0M0RTNFp6c3poVjJ0Q0hnay91M0UxOStFUWN5Z1JpQXY2azNBTmc0CjVxaGpFeEg4dTRpQWRsK1NTdzRPa2ViOWJOeko0d3VSSE1EeGtGbC9MUExYZEpyY0V3TG01aEZsTjdDOUxvZkIKS0NqN3ZxL1g1OVFuUzJuM3dzT1NTOS9udVhzb3NEUFF6c1NVUG9jckJBb0hocVY0R2lzRC9pWnR5cysyNGFXcwo2ZVkzN3h1dmM2cEVjTUpQWEFQT05JZjlrcW9VNlhLdGxtMkM5NVRleTdTMTRxSmZYdm0yakRzazFNNWpNQy9ICm5hZWcyWFVEM3Q5TW9rWkplVXFJdy9iWEFmSE5QWmRZSThaTwotLS0tLUVORCBDRVJUSUZJQ0FURS0tLS0tCg=="
              }
            ],
            "created_at": "2022-02-24 19:29:24.697 +0000 UTC",
            "enabled_cluster_log_types": null,
            "encryption_config": [],
            "endpoint": "https://357D3EA262AD3878132ABD0549D8A13A.sk1.us-east-1.eks.amazonaws.com",
            "id": "k8s-demo",
            "identity": [
              {
                "oidc": [
                  {
                    "issuer": "https://oidc.eks.us-east-1.amazonaws.com/id/357D3EA262AD3878132ABD0549D8A13A"
                  }
                ]
              }
            ],
            "kubernetes_network_config": [
              {
                "ip_family": "ipv4",
                "service_ipv4_cidr": "172.20.0.0/16"
              }
            ],
            "name": "k8s-demo",
            "platform_version": "eks.7",
            "role_arn": "arn:aws:iam::513119805936:role/k8s-demo-eks-cluster-role",
            "status": "ACTIVE",
            "tags": {
              "kubernetes.io/cluster/k8s-demo": "shared"
            },
            "tags_all": {
              "kubernetes.io/cluster/k8s-demo": "shared"
            },
            "timeouts": null,
            "version": "1.19",
            "vpc_config": [
              {
                "cluster_security_group_id": "sg-07d56e933f3bcd4c0",
                "endpoint_private_access": false,
                "endpoint_public_access": true,
                "public_access_cidrs": [
                  "0.0.0.0/0"
                ],
                "security_group_ids": [
                  "sg-0a596cad372096584"
                ],
                "subnet_ids": [
                  "subnet-03ec30444344b6248",
                  "subnet-0dcf93dafa1ed90e3"
                ],
                "vpc_id": "vpc-075484a5f732cddfd"
              }
            ]
          },
          "sensitive_attributes": [],
          "private": "eyJlMmJmYjczMC1lY2FhLTExZTYtOGY4OC0zNDM2M2JjN2M0YzAiOnsiY3JlYXRlIjoxODAwMDAwMDAwMDAwLCJkZWxldGUiOjkwMDAwMDAwMDAwMCwidXBkYXRlIjozNjAwMDAwMDAwMDAwfX0=",
          "dependencies": [
            "module.cluster.aws_iam_role.eks_cluster_role",
            "module.cluster.aws_security_group.cluster_master_sg",
            "module.cluster.data.aws_iam_policy_document.eks_cluster_role",
            "module.network.aws_subnet.private_subnet_1a",
            "module.network.aws_subnet.private_subnet_1c",
            "module.network.aws_vpc.cluster_vpc"
          ]
        }
      ]
    },
    {
      "module": "module.cluster",
      "mode": "managed",
      "type": "aws_iam_policy",
      "name": "policy",
      "provider": "provider[\"registry.terraform.io/hashicorp/aws\"]",
      "instances": [
        {
          "schema_version": 0,
          "attributes": {
            "arn": "arn:aws:iam::513119805936:policy/k8s-demo-load-balance-controller",
            "description": "AWSLoadBalancerControllerIAMPolicy",
            "id": "arn:aws:iam::513119805936:policy/k8s-demo-load-balance-controller",
            "name": "k8s-demo-load-balance-controller",
            "name_prefix": null,
            "path": "/",
            "policy": "{\"Statement\":[{\"Action\":[\"iam:CreateServiceLinkedRole\",\"ec2:DescribeAccountAttributes\",\"ec2:DescribeAddresses\",\"ec2:DescribeInternetGateways\",\"ec2:DescribeVpcs\",\"ec2:DescribeSubnets\",\"ec2:DescribeSecurityGroups\",\"ec2:DescribeInstances\",\"ec2:DescribeNetworkInterfaces\",\"ec2:DescribeTags\",\"ec2:GetCoipPoolUsage\",\"ec2:DescribeCoipPools\",\"elasticloadbalancing:DescribeLoadBalancers\",\"elasticloadbalancing:DescribeLoadBalancerAttributes\",\"elasticloadbalancing:DescribeListeners\",\"elasticloadbalancing:DescribeListenerCertificates\",\"elasticloadbalancing:DescribeSSLPolicies\",\"elasticloadbalancing:DescribeRules\",\"elasticloadbalancing:DescribeTargetGroups\",\"elasticloadbalancing:DescribeTargetGroupAttributes\",\"elasticloadbalancing:DescribeTargetHealth\",\"elasticloadbalancing:DescribeTags\"],\"Effect\":\"Allow\",\"Resource\":\"*\"},{\"Action\":[\"cognito-idp:DescribeUserPoolClient\",\"acm:ListCertificates\",\"acm:DescribeCertificate\",\"iam:ListServerCertificates\",\"iam:GetServerCertificate\",\"waf-regional:GetWebACL\",\"waf-regional:GetWebACLForResource\",\"waf-regional:AssociateWebACL\",\"waf-regional:DisassociateWebACL\",\"wafv2:GetWebACL\",\"wafv2:GetWebACLForResource\",\"wafv2:AssociateWebACL\",\"wafv2:DisassociateWebACL\",\"shield:GetSubscriptionState\",\"shield:DescribeProtection\",\"shield:CreateProtection\",\"shield:DeleteProtection\"],\"Effect\":\"Allow\",\"Resource\":\"*\"},{\"Action\":[\"ec2:AuthorizeSecurityGroupIngress\",\"ec2:RevokeSecurityGroupIngress\",\"ec2:CreateSecurityGroup\",\"ec2:CreateTags\",\"ec2:DeleteTags\",\"ec2:AuthorizeSecurityGroupIngress\",\"ec2:RevokeSecurityGroupIngress\",\"ec2:DeleteSecurityGroup\"],\"Effect\":\"Allow\",\"Resource\":\"*\"},{\"Action\":[\"elasticloadbalancing:CreateListener\",\"elasticloadbalancing:DeleteListener\",\"elasticloadbalancing:CreateRule\",\"elasticloadbalancing:DeleteRule\",\"elasticloadbalancing:AddTags\",\"elasticloadbalancing:RemoveTags\",\"elasticloadbalancing:ModifyLoadBalancerAttributes\",\"elasticloadbalancing:SetIpAddressType\",\"elasticloadbalancing:SetSecurityGroups\",\"elasticloadbalancing:SetSubnets\",\"elasticloadbalancing:DeleteLoadBalancer\",\"elasticloadbalancing:ModifyTargetGroup\",\"elasticloadbalancing:ModifyTargetGroupAttributes\",\"elasticloadbalancing:DeleteTargetGroup\",\"elasticloadbalancing:RegisterTargets\",\"elasticloadbalancing:DeregisterTargets\",\"elasticloadbalancing:SetWebAcl\",\"elasticloadbalancing:ModifyListener\",\"elasticloadbalancing:AddListenerCertificates\",\"elasticloadbalancing:RemoveListenerCertificates\",\"elasticloadbalancing:ModifyRule\"],\"Effect\":\"Allow\",\"Resource\":\"*\"}],\"Version\":\"2012-10-17\"}",
            "policy_id": "ANPAXO6CS4HYPT5KHJE6U",
            "tags": null,
            "tags_all": {}
          },
          "sensitive_attributes": [],
          "private": "bnVsbA=="
        }
      ]
    },
    {
      "module": "module.cluster",
      "mode": "managed",
      "type": "aws_iam_role",
      "name": "eks_cluster_role",
      "provider": "provider[\"registry.terraform.io/hashicorp/aws\"]",
      "instances": [
        {
          "schema_version": 0,
          "attributes": {
            "arn": "arn:aws:iam::513119805936:role/k8s-demo-eks-cluster-role",
            "assume_role_policy": "{\"Version\":\"2012-10-17\",\"Statement\":[{\"Sid\":\"\",\"Effect\":\"Allow\",\"Principal\":{\"Service\":[\"eks-fargate-pods.amazonaws.com\",\"eks.amazonaws.com\"]},\"Action\":\"sts:AssumeRole\"}]}",
            "create_date": "2022-02-24T19:29:04Z",
            "description": "",
            "force_detach_policies": false,
            "id": "k8s-demo-eks-cluster-role",
            "inline_policy": [
              {
                "name": "",
                "policy": ""
              }
            ],
            "managed_policy_arns": [],
            "max_session_duration": 3600,
            "name": "k8s-demo-eks-cluster-role",
            "name_prefix": "",
            "path": "/",
            "permissions_boundary": null,
            "tags": null,
            "tags_all": {},
            "unique_id": "AROAXO6CS4HYFSXMNKSQJ"
          },
          "sensitive_attributes": [],
          "private": "bnVsbA==",
          "dependencies": [
            "module.cluster.data.aws_iam_policy_document.eks_cluster_role"
          ]
        }
      ]
    },
    {
      "module": "module.cluster",
      "mode": "managed",
      "type": "aws_iam_role_policy_attachment",
      "name": "eks-cluster-cluster",
      "provider": "provider[\"registry.terraform.io/hashicorp/aws\"]",
      "instances": [
        {
          "schema_version": 0,
          "attributes": {
            "id": "k8s-demo-eks-cluster-role-20220224192905300300000002",
            "policy_arn": "arn:aws:iam::aws:policy/AmazonEKSClusterPolicy",
            "role": "k8s-demo-eks-cluster-role"
          },
          "sensitive_attributes": [],
          "private": "bnVsbA==",
          "dependencies": [
            "module.cluster.aws_iam_role.eks_cluster_role",
            "module.cluster.data.aws_iam_policy_document.eks_cluster_role"
          ]
        }
      ]
    },
    {
      "module": "module.cluster",
      "mode": "managed",
      "type": "aws_iam_role_policy_attachment",
      "name": "eks-cluster-service",
      "provider": "provider[\"registry.terraform.io/hashicorp/aws\"]",
      "instances": [
        {
          "schema_version": 0,
          "attributes": {
            "id": "k8s-demo-eks-cluster-role-20220224192905273500000001",
            "policy_arn": "arn:aws:iam::aws:policy/AmazonEKSServicePolicy",
            "role": "k8s-demo-eks-cluster-role"
          },
          "sensitive_attributes": [],
          "private": "bnVsbA==",
          "dependencies": [
            "module.cluster.aws_iam_role.eks_cluster_role",
            "module.cluster.data.aws_iam_policy_document.eks_cluster_role"
          ]
        }
      ]
    },
    {
      "module": "module.cluster",
      "mode": "managed",
      "type": "aws_iam_role_policy_attachment",
      "name": "eks-load-balancer-controller",
      "provider": "provider[\"registry.terraform.io/hashicorp/aws\"]",
      "instances": [
        {
          "schema_version": 0,
          "attributes": {
            "id": "k8s-demo-eks-cluster-role-20220224192905443700000003",
            "policy_arn": "arn:aws:iam::513119805936:policy/k8s-demo-load-balance-controller",
            "role": "k8s-demo-eks-cluster-role"
          },
          "sensitive_attributes": [],
          "private": "bnVsbA==",
          "dependencies": [
            "module.cluster.aws_iam_policy.policy",
            "module.cluster.aws_iam_role.eks_cluster_role",
            "module.cluster.data.aws_iam_policy_document.eks_cluster_role"
          ]
        }
      ]
    },
    {
      "module": "module.cluster",
      "mode": "managed",
      "type": "aws_security_group",
      "name": "cluster_master_sg",
      "provider": "provider[\"registry.terraform.io/hashicorp/aws\"]",
      "instances": [
        {
          "schema_version": 1,
          "attributes": {
            "arn": "arn:aws:ec2:us-east-1:513119805936:security-group/sg-0a596cad372096584",
            "description": "Managed by Terraform",
            "egress": [
              {
                "cidr_blocks": [
                  "0.0.0.0/0"
                ],
                "description": "",
                "from_port": 0,
                "ipv6_cidr_blocks": [],
                "prefix_list_ids": [],
                "protocol": "-1",
                "security_groups": [],
                "self": false,
                "to_port": 0
              }
            ],
            "id": "sg-0a596cad372096584",
            "ingress": [],
            "name": "k8s-demo-master-sg",
            "name_prefix": "",
            "owner_id": "513119805936",
            "revoke_rules_on_delete": false,
            "tags": {
              "Name": "k8s-demo-master-sg"
            },
            "tags_all": {
              "Name": "k8s-demo-master-sg"
            },
            "timeouts": null,
            "vpc_id": "vpc-075484a5f732cddfd"
          },
          "sensitive_attributes": [],
          "private": "eyJlMmJmYjczMC1lY2FhLTExZTYtOGY4OC0zNDM2M2JjN2M0YzAiOnsiY3JlYXRlIjo2MDAwMDAwMDAwMDAsImRlbGV0ZSI6OTAwMDAwMDAwMDAwfSwic2NoZW1hX3ZlcnNpb24iOiIxIn0=",
          "dependencies": [
            "module.network.aws_vpc.cluster_vpc"
          ]
        }
      ]
    },
    {
      "module": "module.cluster",
      "mode": "managed",
      "type": "aws_security_group_rule",
      "name": "cluster_ingress_https",
      "provider": "provider[\"registry.terraform.io/hashicorp/aws\"]",
      "instances": [
        {
          "schema_version": 2,
          "attributes": {
            "cidr_blocks": [
              "0.0.0.0/0"
            ],
            "description": null,
            "from_port": 443,
            "id": "sgrule-3417491238",
            "ipv6_cidr_blocks": null,
            "prefix_list_ids": null,
            "protocol": "tcp",
            "security_group_id": "sg-0a596cad372096584",
            "self": false,
            "source_security_group_id": null,
            "to_port": 443,
            "type": "ingress"
          },
          "sensitive_attributes": [],
          "private": "eyJzY2hlbWFfdmVyc2lvbiI6IjIifQ==",
          "dependencies": [
            "module.cluster.aws_security_group.cluster_master_sg",
            "module.network.aws_vpc.cluster_vpc"
          ]
        }
      ]
    },
    {
      "module": "module.network",
      "mode": "managed",
      "type": "aws_eip",
      "name": "vpc_iep",
      "provider": "provider[\"registry.terraform.io/hashicorp/aws\"]",
      "instances": [
        {
          "schema_version": 0,
          "attributes": {
            "address": null,
            "allocation_id": "eipalloc-0c5ee58ce1c8b9366",
            "associate_with_private_ip": null,
            "association_id": "",
            "carrier_ip": "",
            "customer_owned_ip": "",
            "customer_owned_ipv4_pool": "",
            "domain": "vpc",
            "id": "eipalloc-0c5ee58ce1c8b9366",
            "instance": "",
            "network_border_group": "us-east-1",
            "network_interface": "",
            "private_dns": null,
            "private_ip": "",
            "public_dns": "ec2-18-206-138-108.compute-1.amazonaws.com",
            "public_ip": "18.206.138.108",
            "public_ipv4_pool": "amazon",
            "tags": {
              "Name": "k8s-demo-eip"
            },
            "tags_all": {
              "Name": "k8s-demo-eip"
            },
            "timeouts": null,
            "vpc": true
          },
          "sensitive_attributes": [],
          "private": "eyJlMmJmYjczMC1lY2FhLTExZTYtOGY4OC0zNDM2M2JjN2M0YzAiOnsiZGVsZXRlIjoxODAwMDAwMDAwMDAsInJlYWQiOjkwMDAwMDAwMDAwMCwidXBkYXRlIjozMDAwMDAwMDAwMDB9fQ=="
        }
      ]
    },
    {
      "module": "module.network",
      "mode": "managed",
      "type": "aws_internet_gateway",
      "name": "gw",
      "provider": "provider[\"registry.terraform.io/hashicorp/aws\"]",
      "instances": [
        {
          "schema_version": 0,
          "attributes": {
            "arn": "arn:aws:ec2:us-east-1:513119805936:internet-gateway/igw-0ed93999ec3acb818",
            "id": "igw-0ed93999ec3acb818",
            "owner_id": "513119805936",
            "tags": {
              "Name": "k8s-demo-internet-gateway"
            },
            "tags_all": {
              "Name": "k8s-demo-internet-gateway"
            },
            "vpc_id": "vpc-075484a5f732cddfd"
          },
          "sensitive_attributes": [],
          "private": "bnVsbA==",
          "dependencies": [
            "module.network.aws_vpc.cluster_vpc"
          ]
        }
      ]
    },
    {
      "module": "module.network",
      "mode": "managed",
      "type": "aws_nat_gateway",
      "name": "nat",
      "provider": "provider[\"registry.terraform.io/hashicorp/aws\"]",
      "instances": [
        {
          "schema_version": 0,
          "attributes": {
            "allocation_id": "eipalloc-0c5ee58ce1c8b9366",
            "connectivity_type": "public",
            "id": "nat-0dc35f68b5c6df076",
            "network_interface_id": "eni-091516d3c278eebb9",
            "private_ip": "10.101.93.96",
            "public_ip": "18.206.138.108",
            "subnet_id": "subnet-09ae3108018aa7327",
            "tags": {
              "Name": "k8s-demo-nat-gateway"
            },
            "tags_all": {
              "Name": "k8s-demo-nat-gateway"
            }
          },
          "sensitive_attributes": [],
          "private": "bnVsbA==",
          "dependencies": [
            "module.network.aws_eip.vpc_iep",
            "module.network.aws_subnet.public_subnet_1a",
            "module.network.aws_vpc.cluster_vpc"
          ]
        }
      ]
    },
    {
      "module": "module.network",
      "mode": "managed",
      "type": "aws_route",
      "name": "nat_access",
      "provider": "provider[\"registry.terraform.io/hashicorp/aws\"]",
      "instances": [
        {
          "schema_version": 0,
          "attributes": {
            "carrier_gateway_id": "",
            "destination_cidr_block": "0.0.0.0/0",
            "destination_ipv6_cidr_block": "",
            "destination_prefix_list_id": "",
            "egress_only_gateway_id": "",
            "gateway_id": "",
            "id": "r-rtb-04a4f07c56df2ba0e1080289494",
            "instance_id": "",
            "instance_owner_id": "",
            "local_gateway_id": "",
            "nat_gateway_id": "nat-0dc35f68b5c6df076",
            "network_interface_id": "",
            "origin": "CreateRoute",
            "route_table_id": "rtb-04a4f07c56df2ba0e",
            "state": "active",
            "timeouts": null,
            "transit_gateway_id": "",
            "vpc_endpoint_id": "",
            "vpc_peering_connection_id": ""
          },
          "sensitive_attributes": [],
          "private": "eyJlMmJmYjczMC1lY2FhLTExZTYtOGY4OC0zNDM2M2JjN2M0YzAiOnsiY3JlYXRlIjozMDAwMDAwMDAwMDAsImRlbGV0ZSI6MzAwMDAwMDAwMDAwLCJ1cGRhdGUiOjEyMDAwMDAwMDAwMH19",
          "dependencies": [
            "module.network.aws_eip.vpc_iep",
            "module.network.aws_nat_gateway.nat",
            "module.network.aws_route_table.nat",
            "module.network.aws_subnet.public_subnet_1a",
            "module.network.aws_vpc.cluster_vpc"
          ]
        }
      ]
    },
    {
      "module": "module.network",
      "mode": "managed",
      "type": "aws_route",
      "name": "public_internet_access",
      "provider": "provider[\"registry.terraform.io/hashicorp/aws\"]",
      "instances": [
        {
          "schema_version": 0,
          "attributes": {
            "carrier_gateway_id": "",
            "destination_cidr_block": "0.0.0.0/0",
            "destination_ipv6_cidr_block": "",
            "destination_prefix_list_id": "",
            "egress_only_gateway_id": "",
            "gateway_id": "igw-0ed93999ec3acb818",
            "id": "r-rtb-0a14e77414f8c653d1080289494",
            "instance_id": "",
            "instance_owner_id": "",
            "local_gateway_id": "",
            "nat_gateway_id": "",
            "network_interface_id": "",
            "origin": "CreateRoute",
            "route_table_id": "rtb-0a14e77414f8c653d",
            "state": "active",
            "timeouts": null,
            "transit_gateway_id": "",
            "vpc_endpoint_id": "",
            "vpc_peering_connection_id": ""
          },
          "sensitive_attributes": [],
          "private": "eyJlMmJmYjczMC1lY2FhLTExZTYtOGY4OC0zNDM2M2JjN2M0YzAiOnsiY3JlYXRlIjozMDAwMDAwMDAwMDAsImRlbGV0ZSI6MzAwMDAwMDAwMDAwLCJ1cGRhdGUiOjEyMDAwMDAwMDAwMH19",
          "dependencies": [
            "module.network.aws_internet_gateway.gw",
            "module.network.aws_route_table.igw_route_table",
            "module.network.aws_vpc.cluster_vpc"
          ]
        }
      ]
    },
    {
      "module": "module.network",
      "mode": "managed",
      "type": "aws_route_table",
      "name": "igw_route_table",
      "provider": "provider[\"registry.terraform.io/hashicorp/aws\"]",
      "instances": [
        {
          "schema_version": 0,
          "attributes": {
            "arn": "arn:aws:ec2:us-east-1:513119805936:route-table/rtb-0a14e77414f8c653d",
            "id": "rtb-0a14e77414f8c653d",
            "owner_id": "513119805936",
            "propagating_vgws": [],
            "route": [],
            "tags": {
              "Name": "k8s-demo-public-route"
            },
            "tags_all": {
              "Name": "k8s-demo-public-route"
            },
            "timeouts": null,
            "vpc_id": "vpc-075484a5f732cddfd"
          },
          "sensitive_attributes": [],
          "private": "eyJlMmJmYjczMC1lY2FhLTExZTYtOGY4OC0zNDM2M2JjN2M0YzAiOnsiY3JlYXRlIjozMDAwMDAwMDAwMDAsImRlbGV0ZSI6MzAwMDAwMDAwMDAwLCJ1cGRhdGUiOjEyMDAwMDAwMDAwMH19",
          "dependencies": [
            "module.network.aws_vpc.cluster_vpc"
          ]
        }
      ]
    },
    {
      "module": "module.network",
      "mode": "managed",
      "type": "aws_route_table",
      "name": "nat",
      "provider": "provider[\"registry.terraform.io/hashicorp/aws\"]",
      "instances": [
        {
          "schema_version": 0,
          "attributes": {
            "arn": "arn:aws:ec2:us-east-1:513119805936:route-table/rtb-04a4f07c56df2ba0e",
            "id": "rtb-04a4f07c56df2ba0e",
            "owner_id": "513119805936",
            "propagating_vgws": [],
            "route": [],
            "tags": {
              "Name": "k8s-demo-private-route"
            },
            "tags_all": {
              "Name": "k8s-demo-private-route"
            },
            "timeouts": null,
            "vpc_id": "vpc-075484a5f732cddfd"
          },
          "sensitive_attributes": [],
          "private": "eyJlMmJmYjczMC1lY2FhLTExZTYtOGY4OC0zNDM2M2JjN2M0YzAiOnsiY3JlYXRlIjozMDAwMDAwMDAwMDAsImRlbGV0ZSI6MzAwMDAwMDAwMDAwLCJ1cGRhdGUiOjEyMDAwMDAwMDAwMH19",
          "dependencies": [
            "module.network.aws_vpc.cluster_vpc"
          ]
        }
      ]
    },
    {
      "module": "module.network",
      "mode": "managed",
      "type": "aws_route_table_association",
      "name": "private1a",
      "provider": "provider[\"registry.terraform.io/hashicorp/aws\"]",
      "instances": [
        {
          "schema_version": 0,
          "attributes": {
            "gateway_id": "",
            "id": "rtbassoc-02def14571954dd5d",
            "route_table_id": "rtb-04a4f07c56df2ba0e",
            "subnet_id": "subnet-0dcf93dafa1ed90e3"
          },
          "sensitive_attributes": [],
          "private": "bnVsbA==",
          "dependencies": [
            "module.network.aws_route_table.nat",
            "module.network.aws_subnet.private_subnet_1a",
            "module.network.aws_vpc.cluster_vpc"
          ]
        }
      ]
    },
    {
      "module": "module.network",
      "mode": "managed",
      "type": "aws_route_table_association",
      "name": "private1c",
      "provider": "provider[\"registry.terraform.io/hashicorp/aws\"]",
      "instances": [
        {
          "schema_version": 0,
          "attributes": {
            "gateway_id": "",
            "id": "rtbassoc-0344b9a0724d91350",
            "route_table_id": "rtb-04a4f07c56df2ba0e",
            "subnet_id": "subnet-03ec30444344b6248"
          },
          "sensitive_attributes": [],
          "private": "bnVsbA==",
          "dependencies": [
            "module.network.aws_route_table.nat",
            "module.network.aws_subnet.private_subnet_1c",
            "module.network.aws_vpc.cluster_vpc"
          ]
        }
      ]
    },
    {
      "module": "module.network",
      "mode": "managed",
      "type": "aws_route_table_association",
      "name": "public_1a",
      "provider": "provider[\"registry.terraform.io/hashicorp/aws\"]",
      "instances": [
        {
          "schema_version": 0,
          "attributes": {
            "gateway_id": "",
            "id": "rtbassoc-0953cb1aced8eb51f",
            "route_table_id": "rtb-0a14e77414f8c653d",
            "subnet_id": "subnet-09ae3108018aa7327"
          },
          "sensitive_attributes": [],
          "private": "bnVsbA==",
          "dependencies": [
            "module.network.aws_route_table.igw_route_table",
            "module.network.aws_subnet.public_subnet_1a",
            "module.network.aws_vpc.cluster_vpc"
          ]
        }
      ]
    },
    {
      "module": "module.network",
      "mode": "managed",
      "type": "aws_route_table_association",
      "name": "public_1c",
      "provider": "provider[\"registry.terraform.io/hashicorp/aws\"]",
      "instances": [
        {
          "schema_version": 0,
          "attributes": {
            "gateway_id": "",
            "id": "rtbassoc-09de43e3ae02be3d2",
            "route_table_id": "rtb-0a14e77414f8c653d",
            "subnet_id": "subnet-0be4dfe9eaf773143"
          },
          "sensitive_attributes": [],
          "private": "bnVsbA==",
          "dependencies": [
            "module.network.aws_route_table.igw_route_table",
            "module.network.aws_subnet.public_subnet_1c",
            "module.network.aws_vpc.cluster_vpc"
          ]
        }
      ]
    },
    {
      "module": "module.network",
      "mode": "managed",
      "type": "aws_subnet",
      "name": "private_subnet_1a",
      "provider": "provider[\"registry.terraform.io/hashicorp/aws\"]",
      "instances": [
        {
          "schema_version": 1,
          "attributes": {
            "arn": "arn:aws:ec2:us-east-1:513119805936:subnet/subnet-0dcf93dafa1ed90e3",
            "assign_ipv6_address_on_creation": false,
            "availability_zone": "us-east-1a",
            "availability_zone_id": "use1-az2",
            "cidr_block": "10.101.88.0/23",
            "customer_owned_ipv4_pool": "",
            "enable_dns64": false,
            "enable_resource_name_dns_a_record_on_launch": false,
            "enable_resource_name_dns_aaaa_record_on_launch": false,
            "id": "subnet-0dcf93dafa1ed90e3",
            "ipv6_cidr_block": "",
            "ipv6_cidr_block_association_id": "",
            "ipv6_native": false,
            "map_customer_owned_ip_on_launch": false,
            "map_public_ip_on_launch": false,
            "outpost_arn": "",
            "owner_id": "513119805936",
            "private_dns_hostname_type_on_launch": "ip-name",
            "tags": {
              "Name": "k8s-demo-private-1a"
            },
            "tags_all": {
              "Name": "k8s-demo-private-1a"
            },
            "timeouts": null,
            "vpc_id": "vpc-075484a5f732cddfd"
          },
          "sensitive_attributes": [],
          "private": "eyJlMmJmYjczMC1lY2FhLTExZTYtOGY4OC0zNDM2M2JjN2M0YzAiOnsiY3JlYXRlIjo2MDAwMDAwMDAwMDAsImRlbGV0ZSI6MTIwMDAwMDAwMDAwMH0sInNjaGVtYV92ZXJzaW9uIjoiMSJ9",
          "dependencies": [
            "module.network.aws_vpc.cluster_vpc"
          ]
        }
      ]
    },
    {
      "module": "module.network",
      "mode": "managed",
      "type": "aws_subnet",
      "name": "private_subnet_1c",
      "provider": "provider[\"registry.terraform.io/hashicorp/aws\"]",
      "instances": [
        {
          "schema_version": 1,
          "attributes": {
            "arn": "arn:aws:ec2:us-east-1:513119805936:subnet/subnet-03ec30444344b6248",
            "assign_ipv6_address_on_creation": false,
            "availability_zone": "us-east-1c",
            "availability_zone_id": "use1-az6",
            "cidr_block": "10.101.90.0/23",
            "customer_owned_ipv4_pool": "",
            "enable_dns64": false,
            "enable_resource_name_dns_a_record_on_launch": false,
            "enable_resource_name_dns_aaaa_record_on_launch": false,
            "id": "subnet-03ec30444344b6248",
            "ipv6_cidr_block": "",
            "ipv6_cidr_block_association_id": "",
            "ipv6_native": false,
            "map_customer_owned_ip_on_launch": false,
            "map_public_ip_on_launch": false,
            "outpost_arn": "",
            "owner_id": "513119805936",
            "private_dns_hostname_type_on_launch": "ip-name",
            "tags": {
              "Name": "k8s-demo-private-1c"
            },
            "tags_all": {
              "Name": "k8s-demo-private-1c"
            },
            "timeouts": null,
            "vpc_id": "vpc-075484a5f732cddfd"
          },
          "sensitive_attributes": [],
          "private": "eyJlMmJmYjczMC1lY2FhLTExZTYtOGY4OC0zNDM2M2JjN2M0YzAiOnsiY3JlYXRlIjo2MDAwMDAwMDAwMDAsImRlbGV0ZSI6MTIwMDAwMDAwMDAwMH0sInNjaGVtYV92ZXJzaW9uIjoiMSJ9",
          "dependencies": [
            "module.network.aws_vpc.cluster_vpc"
          ]
        }
      ]
    },
    {
      "module": "module.network",
      "mode": "managed",
      "type": "aws_subnet",
      "name": "public_subnet_1a",
      "provider": "provider[\"registry.terraform.io/hashicorp/aws\"]",
      "instances": [
        {
          "schema_version": 1,
          "attributes": {
            "arn": "arn:aws:ec2:us-east-1:513119805936:subnet/subnet-09ae3108018aa7327",
            "assign_ipv6_address_on_creation": false,
            "availability_zone": "us-east-1a",
            "availability_zone_id": "use1-az2",
            "cidr_block": "10.101.92.0/23",
            "customer_owned_ipv4_pool": "",
            "enable_dns64": false,
            "enable_resource_name_dns_a_record_on_launch": false,
            "enable_resource_name_dns_aaaa_record_on_launch": false,
            "id": "subnet-09ae3108018aa7327",
            "ipv6_cidr_block": "",
            "ipv6_cidr_block_association_id": "",
            "ipv6_native": false,
            "map_customer_owned_ip_on_launch": false,
            "map_public_ip_on_launch": true,
            "outpost_arn": "",
            "owner_id": "513119805936",
            "private_dns_hostname_type_on_launch": "ip-name",
            "tags": {
              "Name": "k8s-demo-public-1a"
            },
            "tags_all": {
              "Name": "k8s-demo-public-1a"
            },
            "timeouts": null,
            "vpc_id": "vpc-075484a5f732cddfd"
          },
          "sensitive_attributes": [],
          "private": "eyJlMmJmYjczMC1lY2FhLTExZTYtOGY4OC0zNDM2M2JjN2M0YzAiOnsiY3JlYXRlIjo2MDAwMDAwMDAwMDAsImRlbGV0ZSI6MTIwMDAwMDAwMDAwMH0sInNjaGVtYV92ZXJzaW9uIjoiMSJ9",
          "dependencies": [
            "module.network.aws_vpc.cluster_vpc"
          ]
        }
      ]
    },
    {
      "module": "module.network",
      "mode": "managed",
      "type": "aws_subnet",
      "name": "public_subnet_1c",
      "provider": "provider[\"registry.terraform.io/hashicorp/aws\"]",
      "instances": [
        {
          "schema_version": 1,
          "attributes": {
            "arn": "arn:aws:ec2:us-east-1:513119805936:subnet/subnet-0be4dfe9eaf773143",
            "assign_ipv6_address_on_creation": false,
            "availability_zone": "us-east-1c",
            "availability_zone_id": "use1-az6",
            "cidr_block": "10.101.94.0/23",
            "customer_owned_ipv4_pool": "",
            "enable_dns64": false,
            "enable_resource_name_dns_a_record_on_launch": false,
            "enable_resource_name_dns_aaaa_record_on_launch": false,
            "id": "subnet-0be4dfe9eaf773143",
            "ipv6_cidr_block": "",
            "ipv6_cidr_block_association_id": "",
            "ipv6_native": false,
            "map_customer_owned_ip_on_launch": false,
            "map_public_ip_on_launch": true,
            "outpost_arn": "",
            "owner_id": "513119805936",
            "private_dns_hostname_type_on_launch": "ip-name",
            "tags": {
              "Name": "k8s-demo-public-1c"
            },
            "tags_all": {
              "Name": "k8s-demo-public-1c"
            },
            "timeouts": null,
            "vpc_id": "vpc-075484a5f732cddfd"
          },
          "sensitive_attributes": [],
          "private": "eyJlMmJmYjczMC1lY2FhLTExZTYtOGY4OC0zNDM2M2JjN2M0YzAiOnsiY3JlYXRlIjo2MDAwMDAwMDAwMDAsImRlbGV0ZSI6MTIwMDAwMDAwMDAwMH0sInNjaGVtYV92ZXJzaW9uIjoiMSJ9",
          "dependencies": [
            "module.network.aws_vpc.cluster_vpc"
          ]
        }
      ]
    },
    {
      "module": "module.network",
      "mode": "managed",
      "type": "aws_vpc",
      "name": "cluster_vpc",
      "provider": "provider[\"registry.terraform.io/hashicorp/aws\"]",
      "instances": [
        {
          "schema_version": 1,
          "attributes": {
            "arn": "arn:aws:ec2:us-east-1:513119805936:vpc/vpc-075484a5f732cddfd",
            "assign_generated_ipv6_cidr_block": false,
            "cidr_block": "10.101.88.0/21",
            "default_network_acl_id": "acl-0e166778a419f1a03",
            "default_route_table_id": "rtb-007f5a35f9d0e4f25",
            "default_security_group_id": "sg-0765ae670edf26279",
            "dhcp_options_id": "dopt-0345bd5ae21ab5d47",
            "enable_classiclink": false,
            "enable_classiclink_dns_support": false,
            "enable_dns_hostnames": true,
            "enable_dns_support": true,
            "id": "vpc-075484a5f732cddfd",
            "instance_tenancy": "default",
            "ipv4_ipam_pool_id": null,
            "ipv4_netmask_length": null,
            "ipv6_association_id": "",
            "ipv6_cidr_block": "",
            "ipv6_cidr_block_network_border_group": "",
            "ipv6_ipam_pool_id": "",
            "ipv6_netmask_length": 0,
            "main_route_table_id": "rtb-007f5a35f9d0e4f25",
            "owner_id": "513119805936",
            "tags": {
              "Name": "k8s-demo-vpc"
            },
            "tags_all": {
              "Name": "k8s-demo-vpc"
            }
          },
          "sensitive_attributes": [],
          "private": "eyJzY2hlbWFfdmVyc2lvbiI6IjEifQ=="
        }
      ]
    },
    {
      "module": "module.nodes",
      "mode": "data",
      "type": "aws_iam_policy_document",
      "name": "eks_nodes_role",
      "provider": "provider[\"registry.terraform.io/hashicorp/aws\"]",
      "instances": [
        {
          "schema_version": 0,
          "attributes": {
            "id": "1903849331",
            "json": "{\n  \"Version\": \"2012-10-17\",\n  \"Statement\": [\n    {\n      \"Sid\": \"\",\n      \"Effect\": \"Allow\",\n      \"Action\": \"sts:AssumeRole\",\n      \"Principal\": {\n        \"Service\": \"ec2.amazonaws.com\"\n      }\n    }\n  ]\n}",
            "override_json": null,
            "override_policy_documents": null,
            "policy_id": null,
            "source_json": null,
            "source_policy_documents": null,
            "statement": [
              {
                "actions": [
                  "sts:AssumeRole"
                ],
                "condition": [],
                "effect": "Allow",
                "not_actions": [],
                "not_principals": [],
                "not_resources": [],
                "principals": [
                  {
                    "identifiers": [
                      "ec2.amazonaws.com"
                    ],
                    "type": "Service"
                  }
                ],
                "resources": [],
                "sid": ""
              }
            ],
            "version": "2012-10-17"
          },
          "sensitive_attributes": []
        }
      ]
    },
    {
      "module": "module.nodes",
      "mode": "managed",
      "type": "aws_autoscaling_policy",
      "name": "cpu_down",
      "provider": "provider[\"registry.terraform.io/hashicorp/aws\"]",
      "instances": [
        {
          "schema_version": 0,
          "attributes": {
            "adjustment_type": "ChangeInCapacity",
            "arn": "arn:aws:autoscaling:us-east-1:513119805936:scalingPolicy:5c7d0ee6-e516-4427-ab87-888b47a50627:autoScalingGroupName/eks-06bf96a0-5b96-69b0-3622-a940e95172e5:policyName/k8s-demo-nodes-cpu-scale-down",
            "autoscaling_group_name": "eks-06bf96a0-5b96-69b0-3622-a940e95172e5",
            "cooldown": 300,
            "estimated_instance_warmup": 0,
            "id": "k8s-demo-nodes-cpu-scale-down",
            "metric_aggregation_type": "",
            "min_adjustment_magnitude": null,
            "name": "k8s-demo-nodes-cpu-scale-down",
            "policy_type": "SimpleScaling",
            "predictive_scaling_configuration": [],
            "scaling_adjustment": -1,
            "step_adjustment": [],
            "target_tracking_configuration": []
          },
          "sensitive_attributes": [],
          "private": "bnVsbA==",
          "dependencies": [
            "module.cluster.aws_eks_cluster.eks_cluster",
            "module.cluster.aws_iam_role.eks_cluster_role",
            "module.cluster.aws_security_group.cluster_master_sg",
            "module.cluster.data.aws_iam_policy_document.eks_cluster_role",
            "module.network.aws_subnet.private_subnet_1a",
            "module.network.aws_subnet.private_subnet_1c",
            "module.network.aws_vpc.cluster_vpc",
            "module.nodes.aws_eks_node_group.cluster",
            "module.nodes.aws_iam_role.eks_nodes_roles",
            "module.nodes.data.aws_iam_policy_document.eks_nodes_role"
          ]
        }
      ]
    },
    {
      "module": "module.nodes",
      "mode": "managed",
      "type": "aws_autoscaling_policy",
      "name": "cpu_up",
      "provider": "provider[\"registry.terraform.io/hashicorp/aws\"]",
      "instances": [
        {
          "schema_version": 0,
          "attributes": {
            "adjustment_type": "ChangeInCapacity",
            "arn": "arn:aws:autoscaling:us-east-1:513119805936:scalingPolicy:83da3303-1fe9-42e0-ad7e-d7e6237f823e:autoScalingGroupName/eks-06bf96a0-5b96-69b0-3622-a940e95172e5:policyName/k8s-demo-nodes-cpu-scale-up",
            "autoscaling_group_name": "eks-06bf96a0-5b96-69b0-3622-a940e95172e5",
            "cooldown": 300,
            "estimated_instance_warmup": 0,
            "id": "k8s-demo-nodes-cpu-scale-up",
            "metric_aggregation_type": "",
            "min_adjustment_magnitude": null,
            "name": "k8s-demo-nodes-cpu-scale-up",
            "policy_type": "SimpleScaling",
            "predictive_scaling_configuration": [],
            "scaling_adjustment": 2,
            "step_adjustment": [],
            "target_tracking_configuration": []
          },
          "sensitive_attributes": [],
          "private": "bnVsbA==",
          "dependencies": [
            "module.cluster.aws_eks_cluster.eks_cluster",
            "module.cluster.aws_iam_role.eks_cluster_role",
            "module.cluster.aws_security_group.cluster_master_sg",
            "module.cluster.data.aws_iam_policy_document.eks_cluster_role",
            "module.network.aws_subnet.private_subnet_1a",
            "module.network.aws_subnet.private_subnet_1c",
            "module.network.aws_vpc.cluster_vpc",
            "module.nodes.aws_eks_node_group.cluster",
            "module.nodes.aws_iam_role.eks_nodes_roles",
            "module.nodes.data.aws_iam_policy_document.eks_nodes_role"
          ]
        }
      ]
    },
    {
      "module": "module.nodes",
      "mode": "managed",
      "type": "aws_cloudwatch_metric_alarm",
      "name": "cpu_down",
      "provider": "provider[\"registry.terraform.io/hashicorp/aws\"]",
      "instances": [
        {
          "schema_version": 1,
          "attributes": {
            "actions_enabled": true,
            "alarm_actions": [
              "arn:aws:autoscaling:us-east-1:513119805936:scalingPolicy:5c7d0ee6-e516-4427-ab87-888b47a50627:autoScalingGroupName/eks-06bf96a0-5b96-69b0-3622-a940e95172e5:policyName/k8s-demo-nodes-cpu-scale-down"
            ],
            "alarm_description": "",
            "alarm_name": "k8s-demo-nodes-cpu-low",
            "arn": "arn:aws:cloudwatch:us-east-1:513119805936:alarm:k8s-demo-nodes-cpu-low",
            "comparison_operator": "LessThanOrEqualToThreshold",
            "datapoints_to_alarm": 0,
            "dimensions": {
              "AutoScalingGroupName": "eks-06bf96a0-5b96-69b0-3622-a940e95172e5"
            },
            "evaluate_low_sample_count_percentiles": "",
            "evaluation_periods": 2,
            "extended_statistic": "",
            "id": "k8s-demo-nodes-cpu-low",
            "insufficient_data_actions": null,
            "metric_name": "CPUUtilization",
            "metric_query": [],
            "namespace": "AWS/EC2",
            "ok_actions": null,
            "period": 120,
            "statistic": "Average",
            "tags": null,
            "tags_all": {},
            "threshold": 40,
            "threshold_metric_id": "",
            "treat_missing_data": "missing",
            "unit": ""
          },
          "sensitive_attributes": [],
          "private": "eyJzY2hlbWFfdmVyc2lvbiI6IjEifQ==",
          "dependencies": [
            "module.cluster.aws_eks_cluster.eks_cluster",
            "module.cluster.aws_iam_role.eks_cluster_role",
            "module.cluster.aws_security_group.cluster_master_sg",
            "module.cluster.data.aws_iam_policy_document.eks_cluster_role",
            "module.network.aws_subnet.private_subnet_1a",
            "module.network.aws_subnet.private_subnet_1c",
            "module.network.aws_vpc.cluster_vpc",
            "module.nodes.aws_autoscaling_policy.cpu_down",
            "module.nodes.aws_eks_node_group.cluster",
            "module.nodes.aws_iam_role.eks_nodes_roles",
            "module.nodes.data.aws_iam_policy_document.eks_nodes_role"
          ]
        }
      ]
    },
    {
      "module": "module.nodes",
      "mode": "managed",
      "type": "aws_cloudwatch_metric_alarm",
      "name": "cpu_up",
      "provider": "provider[\"registry.terraform.io/hashicorp/aws\"]",
      "instances": [
        {
          "schema_version": 1,
          "attributes": {
            "actions_enabled": true,
            "alarm_actions": [
              "arn:aws:autoscaling:us-east-1:513119805936:scalingPolicy:83da3303-1fe9-42e0-ad7e-d7e6237f823e:autoScalingGroupName/eks-06bf96a0-5b96-69b0-3622-a940e95172e5:policyName/k8s-demo-nodes-cpu-scale-up"
            ],
            "alarm_description": "",
            "alarm_name": "k8s-demo-nodes-cpu-high",
            "arn": "arn:aws:cloudwatch:us-east-1:513119805936:alarm:k8s-demo-nodes-cpu-high",
            "comparison_operator": "GreaterThanOrEqualToThreshold",
            "datapoints_to_alarm": 0,
            "dimensions": {
              "AutoScalingGroupName": "eks-06bf96a0-5b96-69b0-3622-a940e95172e5"
            },
            "evaluate_low_sample_count_percentiles": "",
            "evaluation_periods": 2,
            "extended_statistic": "",
            "id": "k8s-demo-nodes-cpu-high",
            "insufficient_data_actions": null,
            "metric_name": "CPUUtilization",
            "metric_query": [],
            "namespace": "AWS/EC2",
            "ok_actions": null,
            "period": 60,
            "statistic": "Average",
            "tags": null,
            "tags_all": {},
            "threshold": 80,
            "threshold_metric_id": "",
            "treat_missing_data": "missing",
            "unit": ""
          },
          "sensitive_attributes": [],
          "private": "eyJzY2hlbWFfdmVyc2lvbiI6IjEifQ==",
          "dependencies": [
            "module.cluster.aws_eks_cluster.eks_cluster",
            "module.cluster.aws_iam_role.eks_cluster_role",
            "module.cluster.aws_security_group.cluster_master_sg",
            "module.cluster.data.aws_iam_policy_document.eks_cluster_role",
            "module.network.aws_subnet.private_subnet_1a",
            "module.network.aws_subnet.private_subnet_1c",
            "module.network.aws_vpc.cluster_vpc",
            "module.nodes.aws_autoscaling_policy.cpu_up",
            "module.nodes.aws_eks_node_group.cluster",
            "module.nodes.aws_iam_role.eks_nodes_roles",
            "module.nodes.data.aws_iam_policy_document.eks_nodes_role"
          ]
        }
      ]
    },
    {
      "module": "module.nodes",
      "mode": "managed",
      "type": "aws_eks_node_group",
      "name": "cluster",
      "provider": "provider[\"registry.terraform.io/hashicorp/aws\"]",
      "instances": [
        {
          "schema_version": 0,
          "attributes": {
            "ami_type": "AL2_x86_64",
            "arn": "arn:aws:eks:us-east-1:513119805936:nodegroup/k8s-demo/k8s-demo-node-group/06bf96a0-5b96-69b0-3622-a940e95172e5",
            "capacity_type": "ON_DEMAND",
            "cluster_name": "k8s-demo",
            "disk_size": 20,
            "force_update_version": null,
            "id": "k8s-demo:k8s-demo-node-group",
            "instance_types": [
              "t3.large"
            ],
            "labels": null,
            "launch_template": [],
            "node_group_name": "k8s-demo-node-group",
            "node_group_name_prefix": "",
            "node_role_arn": "arn:aws:iam::513119805936:role/k8s-demo-eks-nodes",
            "release_version": "1.19.15-20220216",
            "remote_access": [],
            "resources": [
              {
                "autoscaling_groups": [
                  {
                    "name": "eks-06bf96a0-5b96-69b0-3622-a940e95172e5"
                  }
                ],
                "remote_access_security_group_id": ""
              }
            ],
            "scaling_config": [
              {
                "desired_size": 2,
                "max_size": 10,
                "min_size": 2
              }
            ],
            "status": "ACTIVE",
            "subnet_ids": [
              "subnet-03ec30444344b6248",
              "subnet-0dcf93dafa1ed90e3"
            ],
            "tags": {
              "kubernetes.io/cluster/k8s-demo": "owned"
            },
            "tags_all": {
              "kubernetes.io/cluster/k8s-demo": "owned"
            },
            "taint": [],
            "timeouts": null,
            "update_config": [
              {
                "max_unavailable": 1,
                "max_unavailable_percentage": 0
              }
            ],
            "version": "1.19"
          },
          "sensitive_attributes": [],
          "private": "eyJlMmJmYjczMC1lY2FhLTExZTYtOGY4OC0zNDM2M2JjN2M0YzAiOnsiY3JlYXRlIjozNjAwMDAwMDAwMDAwLCJkZWxldGUiOjM2MDAwMDAwMDAwMDAsInVwZGF0ZSI6MzYwMDAwMDAwMDAwMH19",
          "dependencies": [
            "module.cluster.aws_eks_cluster.eks_cluster",
            "module.cluster.aws_iam_role.eks_cluster_role",
            "module.cluster.aws_security_group.cluster_master_sg",
            "module.cluster.data.aws_iam_policy_document.eks_cluster_role",
            "module.network.aws_subnet.private_subnet_1a",
            "module.network.aws_subnet.private_subnet_1c",
            "module.network.aws_vpc.cluster_vpc",
            "module.nodes.aws_iam_role.eks_nodes_roles",
            "module.nodes.data.aws_iam_policy_document.eks_nodes_role"
          ]
        }
      ]
    },
    {
      "module": "module.nodes",
      "mode": "managed",
      "type": "aws_iam_role",
      "name": "eks_nodes_roles",
      "provider": "provider[\"registry.terraform.io/hashicorp/aws\"]",
      "instances": [
        {
          "schema_version": 0,
          "attributes": {
            "arn": "arn:aws:iam::513119805936:role/k8s-demo-eks-nodes",
            "assume_role_policy": "{\"Version\":\"2012-10-17\",\"Statement\":[{\"Sid\":\"\",\"Effect\":\"Allow\",\"Principal\":{\"Service\":\"ec2.amazonaws.com\"},\"Action\":\"sts:AssumeRole\"}]}",
            "create_date": "2022-02-24T19:29:04Z",
            "description": "",
            "force_detach_policies": false,
            "id": "k8s-demo-eks-nodes",
            "inline_policy": [
              {
                "name": "",
                "policy": ""
              }
            ],
            "managed_policy_arns": [],
            "max_session_duration": 3600,
            "name": "k8s-demo-eks-nodes",
            "name_prefix": "",
            "path": "/",
            "permissions_boundary": null,
            "tags": null,
            "tags_all": {},
            "unique_id": "AROAXO6CS4HYCWCXI2W7E"
          },
          "sensitive_attributes": [],
          "private": "bnVsbA==",
          "dependencies": [
            "module.nodes.data.aws_iam_policy_document.eks_nodes_role"
          ]
        }
      ]
    },
    {
      "module": "module.nodes",
      "mode": "managed",
      "type": "aws_iam_role_policy_attachment",
      "name": "cni",
      "provider": "provider[\"registry.terraform.io/hashicorp/aws\"]",
      "instances": [
        {
          "schema_version": 0,
          "attributes": {
            "id": "k8s-demo-eks-nodes-20220224192905695400000006",
            "policy_arn": "arn:aws:iam::aws:policy/AmazonEKS_CNI_Policy",
            "role": "k8s-demo-eks-nodes"
          },
          "sensitive_attributes": [],
          "private": "bnVsbA==",
          "dependencies": [
            "module.nodes.aws_iam_role.eks_nodes_roles",
            "module.nodes.data.aws_iam_policy_document.eks_nodes_role"
          ]
        }
      ]
    },
    {
      "module": "module.nodes",
      "mode": "managed",
      "type": "aws_iam_role_policy_attachment",
      "name": "ecr",
      "provider": "provider[\"registry.terraform.io/hashicorp/aws\"]",
      "instances": [
        {
          "schema_version": 0,
          "attributes": {
            "id": "k8s-demo-eks-nodes-20220224192905491600000004",
            "policy_arn": "arn:aws:iam::aws:policy/AmazonEC2ContainerRegistryReadOnly",
            "role": "k8s-demo-eks-nodes"
          },
          "sensitive_attributes": [],
          "private": "bnVsbA==",
          "dependencies": [
            "module.nodes.aws_iam_role.eks_nodes_roles",
            "module.nodes.data.aws_iam_policy_document.eks_nodes_role"
          ]
        }
      ]
    },
    {
      "module": "module.nodes",
      "mode": "managed",
      "type": "aws_iam_role_policy_attachment",
      "name": "node",
      "provider": "provider[\"registry.terraform.io/hashicorp/aws\"]",
      "instances": [
        {
          "schema_version": 0,
          "attributes": {
            "id": "k8s-demo-eks-nodes-20220224192905538200000005",
            "policy_arn": "arn:aws:iam::aws:policy/AmazonEKSWorkerNodePolicy",
            "role": "k8s-demo-eks-nodes"
          },
          "sensitive_attributes": [],
          "private": "bnVsbA==",
          "dependencies": [
            "module.nodes.aws_iam_role.eks_nodes_roles",
            "module.nodes.data.aws_iam_policy_document.eks_nodes_role"
          ]
        }
      ]
    }
  ]
}
